
Microsoft Visual Studio Solution File, Format Version 12.00
# Visual Studio Version 16
VisualStudioVersion = 16.0.30621.155
MinimumVisualStudioVersion = 10.0.40219.1
Project("{FAE04EC0-301F-11D3-BF4B-00C04F79EFBC}") = "Calculador para regra de três simples", "Calculador para regra de três simples.csproj", "{B81DAEF7-7BF4-44D4-8473-F61E14D62B52}"
EndProject
Global
	GlobalSection(SolutionConfigurationPlatforms) = preSolution
		Debug|Any CPU = Debug|Any CPU
		Release|Any CPU = Release|Any CPU
	EndGlobalSection
	GlobalSection(ProjectConfigurationPlatforms) = postSolution
		{B81DAEF7-7BF4-44D4-8473-F61E14D62B52}.Debug|Any CPU.ActiveCfg = Debug|Any CPU
		{B81DAEF7-7BF4-44D4-8473-F61E14D62B52}.Debug|Any CPU.Build.0 = Debug|Any CPU
		{B81DAEF7-7BF4-44D4-8473-F61E14D62B52}.Release|Any CPU.ActiveCfg = Release|Any CPU
		{B81DAEF7-7BF4-44D4-8473-F61E14D62B52}.Release|Any CPU.Build.0 = Release|Any CPU
	EndGlobalSection
	GlobalSection(SolutionProperties) = preSolution
		HideSolutionNode = FALSE
	EndGlobalSection
	GlobalSection(ExtensibilityGlobals) = postSolution
		SolutionGuid = {3657CAC5-8543-4DDE-9E56-6A980C042A24}
	EndGlobalSection
EndGlobal
